
Microsoft Visual Studio Solution File, Format Version 12.00
# Visual Studio Version 17
VisualStudioVersion = 17.4.33027.239
MinimumVisualStudioVersion = 10.0.40219.1
Project("{9A19103F-16F7-4668-BE54-9A1E7A4F7556}") = "MultiplosBancosDeDados.Core", "MultiplosBancosDeDados.Application\MultiplosBancosDeDados.Core.csproj", "{58852502-5D78-4DCA-AF54-3D8D3E248CCE}"
EndProject
Project("{FAE04EC0-301F-11D3-BF4B-00C04F79EFBC}") = "MultiplosBancosDeDados.Api", "MultiplosBancosDeDados.Api\MultiplosBancosDeDados.Api.csproj", "{0E34CFC7-94EC-4754-977D-A45F8B4093A8}"
EndProject
Global
	GlobalSection(SolutionConfigurationPlatforms) = preSolution
		Debug|Any CPU = Debug|Any CPU
		Release|Any CPU = Release|Any CPU
	EndGlobalSection
	GlobalSection(ProjectConfigurationPlatforms) = postSolution
		{58852502-5D78-4DCA-AF54-3D8D3E248CCE}.Debug|Any CPU.ActiveCfg = Debug|Any CPU
		{58852502-5D78-4DCA-AF54-3D8D3E248CCE}.Debug|Any CPU.Build.0 = Debug|Any CPU
		{58852502-5D78-4DCA-AF54-3D8D3E248CCE}.Release|Any CPU.ActiveCfg = Release|Any CPU
		{58852502-5D78-4DCA-AF54-3D8D3E248CCE}.Release|Any CPU.Build.0 = Release|Any CPU
		{0E34CFC7-94EC-4754-977D-A45F8B4093A8}.Debug|Any CPU.ActiveCfg = Debug|Any CPU
		{0E34CFC7-94EC-4754-977D-A45F8B4093A8}.Debug|Any CPU.Build.0 = Debug|Any CPU
		{0E34CFC7-94EC-4754-977D-A45F8B4093A8}.Release|Any CPU.ActiveCfg = Release|Any CPU
		{0E34CFC7-94EC-4754-977D-A45F8B4093A8}.Release|Any CPU.Build.0 = Release|Any CPU
	EndGlobalSection
	GlobalSection(SolutionProperties) = preSolution
		HideSolutionNode = FALSE
	EndGlobalSection
	GlobalSection(ExtensibilityGlobals) = postSolution
		SolutionGuid = {40EDB02C-381C-4CA1-A105-7D9F1594A12B}
	EndGlobalSection
EndGlobal
